// !$*UTF8*$!
{
	archiveVersion = 1;
	classes = {
	};
	objectVersion = 50;
	objects = {

/* Begin PBXBuildFile section */
		7A0FC231276D5FF80022CA56 /* LaunchScreen.storyboard in Resources */ = {isa = PBXBuildFile; fileRef = 7A0FC230276D5FF80022CA56 /* LaunchScreen.storyboard */; };
		7A1D34362763D07900BB77E8 /* AddEntryViewController.swift in Sources */ = {isa = PBXBuildFile; fileRef = 7A1D34352763D07900BB77E8 /* AddEntryViewController.swift */; };
		7A1D34382763D24700BB77E8 /* ModularNavigationViewController.swift in Sources */ = {isa = PBXBuildFile; fileRef = 7A1D34372763D24700BB77E8 /* ModularNavigationViewController.swift */; };
		7A4B6F8C276A75B100557D17 /* ThisUserProfile.swift in Sources */ = {isa = PBXBuildFile; fileRef = 7A4B6F8B276A75B100557D17 /* ThisUserProfile.swift */; };
		7A4B6F8E276A76A500557D17 /* ProfileViewController.swift in Sources */ = {isa = PBXBuildFile; fileRef = 7A4B6F8D276A76A500557D17 /* ProfileViewController.swift */; };
		7A4B6F90276ACB6D00557D17 /* ViewEditEntriesTableViewController.swift in Sources */ = {isa = PBXBuildFile; fileRef = 7A4B6F8F276ACB6D00557D17 /* ViewEditEntriesTableViewController.swift */; };
		7A52B7B22760597500E4E512 /* JournalEntry.swift in Sources */ = {isa = PBXBuildFile; fileRef = 7A52B7B12760597500E4E512 /* JournalEntry.swift */; };
		7A52B7B4276059BA00E4E512 /* Date.swift in Sources */ = {isa = PBXBuildFile; fileRef = 7A52B7B3276059BA00E4E512 /* Date.swift */; };
		7A52B7B62761291E00E4E512 /* InspirationalQuotes.swift in Sources */ = {isa = PBXBuildFile; fileRef = 7A52B7B52761291E00E4E512 /* InspirationalQuotes.swift */; };
		7A52B7B827617A8800E4E512 /* JournalTableViewCell.swift in Sources */ = {isa = PBXBuildFile; fileRef = 7A52B7B727617A8800E4E512 /* JournalTableViewCell.swift */; };
		7A52B7BA27617D5100E4E512 /* EntriesTableViewController.swift in Sources */ = {isa = PBXBuildFile; fileRef = 7A52B7B927617D5100E4E512 /* EntriesTableViewController.swift */; };
		7A63028D276C0CC800DFED12 /* TabBarViewController.swift in Sources */ = {isa = PBXBuildFile; fileRef = 7A63028C276C0CC800DFED12 /* TabBarViewController.swift */; };
		7ABA7D0927580587000A16B8 /* AppDelegate.swift in Sources */ = {isa = PBXBuildFile; fileRef = 7ABA7D0827580587000A16B8 /* AppDelegate.swift */; };
		7ABA7D0B27580587000A16B8 /* SceneDelegate.swift in Sources */ = {isa = PBXBuildFile; fileRef = 7ABA7D0A27580587000A16B8 /* SceneDelegate.swift */; };
		7ABA7D1027580587000A16B8 /* Main.storyboard in Resources */ = {isa = PBXBuildFile; fileRef = 7ABA7D0E27580587000A16B8 /* Main.storyboard */; };
		7ABA7D1227580588000A16B8 /* Assets.xcassets in Resources */ = {isa = PBXBuildFile; fileRef = 7ABA7D1127580588000A16B8 /* Assets.xcassets */; };
		7ABA7E25275AA49D000A16B8 /* HomeViewController.swift in Sources */ = {isa = PBXBuildFile; fileRef = 7ABA7E24275AA49D000A16B8 /* HomeViewController.swift */; };
		7AFDE101276596E40081CB34 /* Prompt.swift in Sources */ = {isa = PBXBuildFile; fileRef = 7AFDE100276596E40081CB34 /* Prompt.swift */; };
/* End PBXBuildFile section */

/* Begin PBXFileReference section */
		7A0FC230276D5FF80022CA56 /* LaunchScreen.storyboard */ = {isa = PBXFileReference; lastKnownFileType = file.storyboard; path = LaunchScreen.storyboard; sourceTree = "<group>"; };
		7A1D34352763D07900BB77E8 /* AddEntryViewController.swift */ = {isa = PBXFileReference; lastKnownFileType = sourcecode.swift; path = AddEntryViewController.swift; sourceTree = "<group>"; };
		7A1D34372763D24700BB77E8 /* ModularNavigationViewController.swift */ = {isa = PBXFileReference; lastKnownFileType = sourcecode.swift; path = ModularNavigationViewController.swift; sourceTree = "<group>"; };
		7A4B6F8B276A75B100557D17 /* ThisUserProfile.swift */ = {isa = PBXFileReference; lastKnownFileType = sourcecode.swift; path = ThisUserProfile.swift; sourceTree = "<group>"; };
		7A4B6F8D276A76A500557D17 /* ProfileViewController.swift */ = {isa = PBXFileReference; lastKnownFileType = sourcecode.swift; path = ProfileViewController.swift; sourceTree = "<group>"; };
		7A4B6F8F276ACB6D00557D17 /* ViewEditEntriesTableViewController.swift */ = {isa = PBXFileReference; lastKnownFileType = sourcecode.swift; path = ViewEditEntriesTableViewController.swift; sourceTree = "<group>"; };
		7A52B7B12760597500E4E512 /* JournalEntry.swift */ = {isa = PBXFileReference; lastKnownFileType = sourcecode.swift; path = JournalEntry.swift; sourceTree = "<group>"; };
		7A52B7B3276059BA00E4E512 /* Date.swift */ = {isa = PBXFileReference; lastKnownFileType = sourcecode.swift; path = Date.swift; sourceTree = "<group>"; };
		7A52B7B52761291E00E4E512 /* InspirationalQuotes.swift */ = {isa = PBXFileReference; lastKnownFileType = sourcecode.swift; path = InspirationalQuotes.swift; sourceTree = "<group>"; };
		7A52B7B727617A8800E4E512 /* JournalTableViewCell.swift */ = {isa = PBXFileReference; lastKnownFileType = sourcecode.swift; path = JournalTableViewCell.swift; sourceTree = "<group>"; };
		7A52B7B927617D5100E4E512 /* EntriesTableViewController.swift */ = {isa = PBXFileReference; lastKnownFileType = sourcecode.swift; path = EntriesTableViewController.swift; sourceTree = "<group>"; };
		7A63028C276C0CC800DFED12 /* TabBarViewController.swift */ = {isa = PBXFileReference; lastKnownFileType = sourcecode.swift; path = TabBarViewController.swift; sourceTree = "<group>"; };
		7ABA7D0527580587000A16B8 /* JournalApp-1.0.app */ = {isa = PBXFileReference; explicitFileType = wrapper.application; includeInIndex = 0; path = "JournalApp-1.0.app"; sourceTree = BUILT_PRODUCTS_DIR; };
		7ABA7D0827580587000A16B8 /* AppDelegate.swift */ = {isa = PBXFileReference; lastKnownFileType = sourcecode.swift; path = AppDelegate.swift; sourceTree = "<group>"; };
		7ABA7D0A27580587000A16B8 /* SceneDelegate.swift */ = {isa = PBXFileReference; lastKnownFileType = sourcecode.swift; path = SceneDelegate.swift; sourceTree = "<group>"; };
		7ABA7D0F27580587000A16B8 /* Base */ = {isa = PBXFileReference; lastKnownFileType = file.storyboard; name = Base; path = Base.lproj/Main.storyboard; sourceTree = "<group>"; };
		7ABA7D1127580588000A16B8 /* Assets.xcassets */ = {isa = PBXFileReference; lastKnownFileType = folder.assetcatalog; path = Assets.xcassets; sourceTree = "<group>"; };
		7ABA7D1627580588000A16B8 /* Info.plist */ = {isa = PBXFileReference; lastKnownFileType = text.plist.xml; path = Info.plist; sourceTree = "<group>"; };
		7ABA7E24275AA49D000A16B8 /* HomeViewController.swift */ = {isa = PBXFileReference; lastKnownFileType = sourcecode.swift; path = HomeViewController.swift; sourceTree = "<group>"; };
		7AFDE100276596E40081CB34 /* Prompt.swift */ = {isa = PBXFileReference; lastKnownFileType = sourcecode.swift; path = Prompt.swift; sourceTree = "<group>"; };
/* End PBXFileReference section */

/* Begin PBXFrameworksBuildPhase section */
		7ABA7D0227580587000A16B8 /* Frameworks */ = {
			isa = PBXFrameworksBuildPhase;
			buildActionMask = 2147483647;
			files = (
			);
			runOnlyForDeploymentPostprocessing = 0;
		};
/* End PBXFrameworksBuildPhase section */

/* Begin PBXGroup section */
		7ABA7CFC27580587000A16B8 = {
			isa = PBXGroup;
			children = (
				7ABA7D0727580587000A16B8 /* JournalApp-1.0 */,
				7ABA7D0627580587000A16B8 /* Products */,
			);
			sourceTree = "<group>";
		};
		7ABA7D0627580587000A16B8 /* Products */ = {
			isa = PBXGroup;
			children = (
				7ABA7D0527580587000A16B8 /* JournalApp-1.0.app */,
			);
			name = Products;
			sourceTree = "<group>";
		};
		7ABA7D0727580587000A16B8 /* JournalApp-1.0 */ = {
			isa = PBXGroup;
			children = (
				7ABA7D1127580588000A16B8 /* Assets.xcassets */,
				7A0FC230276D5FF80022CA56 /* LaunchScreen.storyboard */,
				7ABA7D0E27580587000A16B8 /* Main.storyboard */,
				7ABA7D0827580587000A16B8 /* AppDelegate.swift */,
				7ABA7D0A27580587000A16B8 /* SceneDelegate.swift */,
				7A63028C276C0CC800DFED12 /* TabBarViewController.swift */,
				7A4B6F8D276A76A500557D17 /* ProfileViewController.swift */,
				7A4B6F8B276A75B100557D17 /* ThisUserProfile.swift */,
				7ABA7E24275AA49D000A16B8 /* HomeViewController.swift */,
				7A1D34352763D07900BB77E8 /* AddEntryViewController.swift */,
				7A52B7B927617D5100E4E512 /* EntriesTableViewController.swift */,
				7A4B6F8F276ACB6D00557D17 /* ViewEditEntriesTableViewController.swift */,
				7A52B7B727617A8800E4E512 /* JournalTableViewCell.swift */,
				7A52B7B12760597500E4E512 /* JournalEntry.swift */,
				7AFDE100276596E40081CB34 /* Prompt.swift */,
				7A52B7B52761291E00E4E512 /* InspirationalQuotes.swift */,
				7A52B7B3276059BA00E4E512 /* Date.swift */,
				7A1D34372763D24700BB77E8 /* ModularNavigationViewController.swift */,
				7ABA7D1627580588000A16B8 /* Info.plist */,
			);
			path = "JournalApp-1.0";
			sourceTree = "<group>";
		};
/* End PBXGroup section */

/* Begin PBXNativeTarget section */
		7ABA7D0427580587000A16B8 /* JournalApp-1.0 */ = {
			isa = PBXNativeTarget;
			buildConfigurationList = 7ABA7D1927580588000A16B8 /* Build configuration list for PBXNativeTarget "JournalApp-1.0" */;
			buildPhases = (
				7ABA7D0127580587000A16B8 /* Sources */,
				7ABA7D0227580587000A16B8 /* Frameworks */,
				7ABA7D0327580587000A16B8 /* Resources */,
			);
			buildRules = (
			);
			dependencies = (
			);
			name = "JournalApp-1.0";
			productName = "JournalApp-1.0";
			productReference = 7ABA7D0527580587000A16B8 /* JournalApp-1.0.app */;
			productType = "com.apple.product-type.application";
		};
/* End PBXNativeTarget section */

/* Begin PBXProject section */
		7ABA7CFD27580587000A16B8 /* Project object */ = {
			isa = PBXProject;
			attributes = {
				LastSwiftUpdateCheck = 1250;
				LastUpgradeCheck = 1250;
				TargetAttributes = {
					7ABA7D0427580587000A16B8 = {
						CreatedOnToolsVersion = 12.5.1;
					};
				};
			};
			buildConfigurationList = 7ABA7D0027580587000A16B8 /* Build configuration list for PBXProject "JournalApp-1.0" */;
			compatibilityVersion = "Xcode 9.3";
			developmentRegion = en;
			hasScannedForEncodings = 0;
			knownRegions = (
				en,
				Base,
			);
			mainGroup = 7ABA7CFC27580587000A16B8;
			productRefGroup = 7ABA7D0627580587000A16B8 /* Products */;
			projectDirPath = "";
			projectRoot = "";
			targets = (
				7ABA7D0427580587000A16B8 /* JournalApp-1.0 */,
			);
		};
/* End PBXProject section */

/* Begin PBXResourcesBuildPhase section */
		7ABA7D0327580587000A16B8 /* Resources */ = {
			isa = PBXResourcesBuildPhase;
			buildActionMask = 2147483647;
			files = (
				7A0FC231276D5FF80022CA56 /* LaunchScreen.storyboard in Resources */,
				7ABA7D1227580588000A16B8 /* Assets.xcassets in Resources */,
				7ABA7D1027580587000A16B8 /* Main.storyboard in Resources */,
			);
			runOnlyForDeploymentPostprocessing = 0;
		};
/* End PBXResourcesBuildPhase section */

/* Begin PBXSourcesBuildPhase section */
		7ABA7D0127580587000A16B8 /* Sources */ = {
			isa = PBXSourcesBuildPhase;
			buildActionMask = 2147483647;
			files = (
				7A52B7B62761291E00E4E512 /* InspirationalQuotes.swift in Sources */,
				7A4B6F8C276A75B100557D17 /* ThisUserProfile.swift in Sources */,
				7A1D34382763D24700BB77E8 /* ModularNavigationViewController.swift in Sources */,
				7ABA7D0927580587000A16B8 /* AppDelegate.swift in Sources */,
				7AFDE101276596E40081CB34 /* Prompt.swift in Sources */,
				7A4B6F90276ACB6D00557D17 /* ViewEditEntriesTableViewController.swift in Sources */,
				7A52B7B4276059BA00E4E512 /* Date.swift in Sources */,
				7A1D34362763D07900BB77E8 /* AddEntryViewController.swift in Sources */,
				7A52B7BA27617D5100E4E512 /* EntriesTableViewController.swift in Sources */,
				7A52B7B827617A8800E4E512 /* JournalTableViewCell.swift in Sources */,
				7A52B7B22760597500E4E512 /* JournalEntry.swift in Sources */,
				7A4B6F8E276A76A500557D17 /* ProfileViewController.swift in Sources */,
				7ABA7D0B27580587000A16B8 /* SceneDelegate.swift in Sources */,
				7A63028D276C0CC800DFED12 /* TabBarViewController.swift in Sources */,
				7ABA7E25275AA49D000A16B8 /* HomeViewController.swift in Sources */,
			);
			runOnlyForDeploymentPostprocessing = 0;
		};
/* End PBXSourcesBuildPhase section */

/* Begin PBXVariantGroup section */
		7ABA7D0E27580587000A16B8 /* Main.storyboard */ = {
			isa = PBXVariantGroup;
			children = (
				7ABA7D0F27580587000A16B8 /* Base */,
			);
			name = Main.storyboard;
			sourceTree = "<group>";
		};
/* End PBXVariantGroup section */

/* Begin XCBuildConfiguration section */
		7ABA7D1727580588000A16B8 /* Debug */ = {
			isa = XCBuildConfiguration;
			buildSettings = {
				ALWAYS_SEARCH_USER_PATHS = NO;
				CLANG_ANALYZER_NONNULL = YES;
				CLANG_ANALYZER_NUMBER_OBJECT_CONVERSION = YES_AGGRESSIVE;
				CLANG_CXX_LANGUAGE_STANDARD = "gnu++14";
				CLANG_CXX_LIBRARY = "libc++";
				CLANG_ENABLE_MODULES = YES;
				CLANG_ENABLE_OBJC_ARC = YES;
				CLANG_ENABLE_OBJC_WEAK = YES;
				CLANG_WARN_BLOCK_CAPTURE_AUTORELEASING = YES;
				CLANG_WARN_BOOL_CONVERSION = YES;
				CLANG_WARN_COMMA = YES;
				CLANG_WARN_CONSTANT_CONVERSION = YES;
				CLANG_WARN_DEPRECATED_OBJC_IMPLEMENTATIONS = YES;
				CLANG_WARN_DIRECT_OBJC_ISA_USAGE = YES_ERROR;
				CLANG_WARN_DOCUMENTATION_COMMENTS = YES;
				CLANG_WARN_EMPTY_BODY = YES;
				CLANG_WARN_ENUM_CONVERSION = YES;
				CLANG_WARN_INFINITE_RECURSION = YES;
				CLANG_WARN_INT_CONVERSION = YES;
				CLANG_WARN_NON_LITERAL_NULL_CONVERSION = YES;
				CLANG_WARN_OBJC_IMPLICIT_RETAIN_SELF = YES;
				CLANG_WARN_OBJC_LITERAL_CONVERSION = YES;
				CLANG_WARN_OBJC_ROOT_CLASS = YES_ERROR;
				CLANG_WARN_QUOTED_INCLUDE_IN_FRAMEWORK_HEADER = YES;
				CLANG_WARN_RANGE_LOOP_ANALYSIS = YES;
				CLANG_WARN_STRICT_PROTOTYPES = YES;
				CLANG_WARN_SUSPICIOUS_MOVE = YES;
				CLANG_WARN_UNGUARDED_AVAILABILITY = YES_AGGRESSIVE;
				CLANG_WARN_UNREACHABLE_CODE = YES;
				CLANG_WARN__DUPLICATE_METHOD_MATCH = YES;
				COPY_PHASE_STRIP = NO;
				DEBUG_INFORMATION_FORMAT = dwarf;
				ENABLE_STRICT_OBJC_MSGSEND = YES;
				ENABLE_TESTABILITY = YES;
				GCC_C_LANGUAGE_STANDARD = gnu11;
				GCC_DYNAMIC_NO_PIC = NO;
				GCC_NO_COMMON_BLOCKS = YES;
				GCC_OPTIMIZATION_LEVEL = 0;
				GCC_PREPROCESSOR_DEFINITIONS = (
					"DEBUG=1",
					"$(inherited)",
				);
				GCC_WARN_64_TO_32_BIT_CONVERSION = YES;
				GCC_WARN_ABOUT_RETURN_TYPE = YES_ERROR;
				GCC_WARN_UNDECLARED_SELECTOR = YES;
				GCC_WARN_UNINITIALIZED_AUTOS = YES_AGGRESSIVE;
				GCC_WARN_UNUSED_FUNCTION = YES;
				GCC_WARN_UNUSED_VARIABLE = YES;
				IPHONEOS_DEPLOYMENT_TARGET = 14.5;
				MTL_ENABLE_DEBUG_INFO = INCLUDE_SOURCE;
				MTL_FAST_MATH = YES;
				ONLY_ACTIVE_ARCH = YES;
				SDKROOT = iphoneos;
				SWIFT_ACTIVE_COMPILATION_CONDITIONS = DEBUG;
				SWIFT_OPTIMIZATION_LEVEL = "-Onone";
			};
			name = Debug;
		};
		7ABA7D1827580588000A16B8 /* Release */ = {
			isa = XCBuildConfiguration;
			buildSettings = {
				ALWAYS_SEARCH_USER_PATHS = NO;
				CLANG_ANALYZER_NONNULL = YES;
				CLANG_ANALYZER_NUMBER_OBJECT_CONVERSION = YES_AGGRESSIVE;
				CLANG_CXX_LANGUAGE_STANDARD = "gnu++14";
				CLANG_CXX_LIBRARY = "libc++";
				CLANG_ENABLE_MODULES = YES;
				CLANG_ENABLE_OBJC_ARC = YES;
				CLANG_ENABLE_OBJC_WEAK = YES;
				CLANG_WARN_BLOCK_CAPTURE_AUTORELEASING = YES;
				CLANG_WARN_BOOL_CONVERSION = YES;
				CLANG_WARN_COMMA = YES;
				CLANG_WARN_CONSTANT_CONVERSION = YES;
				CLANG_WARN_DEPRECATED_OBJC_IMPLEMENTATIONS = YES;
				CLANG_WARN_DIRECT_OBJC_ISA_USAGE = YES_ERROR;
				CLANG_WARN_DOCUMENTATION_COMMENTS = YES;
				CLANG_WARN_EMPTY_BODY = YES;
				CLANG_WARN_ENUM_CONVERSION = YES;
				CLANG_WARN_INFINITE_RECURSION = YES;
				CLANG_WARN_INT_CONVERSION = YES;
				CLANG_WARN_NON_LITERAL_NULL_CONVERSION = YES;
				CLANG_WARN_OBJC_IMPLICIT_RETAIN_SELF = YES;
				CLANG_WARN_OBJC_LITERAL_CONVERSION = YES;
				CLANG_WARN_OBJC_ROOT_CLASS = YES_ERROR;
				CLANG_WARN_QUOTED_INCLUDE_IN_FRAMEWORK_HEADER = YES;
				CLANG_WARN_RANGE_LOOP_ANALYSIS = YES;
				CLANG_WARN_STRICT_PROTOTYPES = YES;
				CLANG_WARN_SUSPICIOUS_MOVE = YES;
				CLANG_WARN_UNGUARDED_AVAILABILITY = YES_AGGRESSIVE;
				CLANG_WARN_UNREACHABLE_CODE = YES;
				CLANG_WARN__DUPLICATE_METHOD_MATCH = YES;
				COPY_PHASE_STRIP = NO;
				DEBUG_INFORMATION_FORMAT = "dwarf-with-dsym";
				ENABLE_NS_ASSERTIONS = NO;
				ENABLE_STRICT_OBJC_MSGSEND = YES;
				GCC_C_LANGUAGE_STANDARD = gnu11;
				GCC_NO_COMMON_BLOCKS = YES;
				GCC_WARN_64_TO_32_BIT_CONVERSION = YES;
				GCC_WARN_ABOUT_RETURN_TYPE = YES_ERROR;
				GCC_WARN_UNDECLARED_SELECTOR = YES;
				GCC_WARN_UNINITIALIZED_AUTOS = YES_AGGRESSIVE;
				GCC_WARN_UNUSED_FUNCTION = YES;
				GCC_WARN_UNUSED_VARIABLE = YES;
				IPHONEOS_DEPLOYMENT_TARGET = 14.5;
				MTL_ENABLE_DEBUG_INFO = NO;
				MTL_FAST_MATH = YES;
				SDKROOT = iphoneos;
				SWIFT_COMPILATION_MODE = wholemodule;
				SWIFT_OPTIMIZATION_LEVEL = "-O";
				VALIDATE_PRODUCT = YES;
			};
			name = Release;
		};
		7ABA7D1A27580588000A16B8 /* Debug */ = {
			isa = XCBuildConfiguration;
			buildSettings = {
				ASSETCATALOG_COMPILER_APPICON_NAME = AppIcon;
				ASSETCATALOG_COMPILER_GLOBAL_ACCENT_COLOR_NAME = AccentColor;
				CODE_SIGN_STYLE = Automatic;
				DEVELOPMENT_TEAM = WAQ324JBB5;
				INFOPLIST_FILE = "JournalApp-1.0/Info.plist";
				LD_RUNPATH_SEARCH_PATHS = (
					"$(inherited)",
					"@executable_path/Frameworks",
				);
				PRODUCT_BUNDLE_IDENTIFIER = "hey-listen.JournalApp-1-0";
				PRODUCT_NAME = "$(TARGET_NAME)";
				SWIFT_VERSION = 5.0;
				TARGETED_DEVICE_FAMILY = "1,2";
			};
			name = Debug;
		};
		7ABA7D1B27580588000A16B8 /* Release */ = {
			isa = XCBuildConfiguration;
			buildSettings = {
				ASSETCATALOG_COMPILER_APPICON_NAME = AppIcon;
				ASSETCATALOG_COMPILER_GLOBAL_ACCENT_COLOR_NAME = AccentColor;
				CODE_SIGN_STYLE = Automatic;
				DEVELOPMENT_TEAM = WAQ324JBB5;
				INFOPLIST_FILE = "JournalApp-1.0/Info.plist";
				LD_RUNPATH_SEARCH_PATHS = (
					"$(inherited)",
					"@executable_path/Frameworks",
				);
				PRODUCT_BUNDLE_IDENTIFIER = "hey-listen.JournalApp-1-0";
				PRODUCT_NAME = "$(TARGET_NAME)";
				SWIFT_VERSION = 5.0;
				TARGETED_DEVICE_FAMILY = "1,2";
			};
			name = Release;
		};
/* End XCBuildConfiguration section */

/* Begin XCConfigurationList section */
		7ABA7D0027580587000A16B8 /* Build configuration list for PBXProject "JournalApp-1.0" */ = {
			isa = XCConfigurationList;
			buildConfigurations = (
				7ABA7D1727580588000A16B8 /* Debug */,
				7ABA7D1827580588000A16B8 /* Release */,
			);
			defaultConfigurationIsVisible = 0;
			defaultConfigurationName = Release;
		};
		7ABA7D1927580588000A16B8 /* Build configuration list for PBXNativeTarget "JournalApp-1.0" */ = {
			isa = XCConfigurationList;
			buildConfigurations = (
				7ABA7D1A27580588000A16B8 /* Debug */,
				7ABA7D1B27580588000A16B8 /* Release */,
			);
			defaultConfigurationIsVisible = 0;
			defaultConfigurationName = Release;
		};
/* End XCConfigurationList section */
	};
	rootObject = 7ABA7CFD27580587000A16B8 /* Project object */;
}
